
Microsoft Visual Studio Solution File, Format Version 12.00
# Visual Studio Version 17
VisualStudioVersion = 17.14.36408.4 d17.14
MinimumVisualStudioVersion = 10.0.40219.1
Project("{FAE04EC0-301F-11D3-BF4B-00C04F79EFBC}") = "DiaryMood", "DiaryMood\DiaryMood.csproj", "{09100664-44C1-4F1D-9B4C-F9656594F433}"
EndProject
Project("{FAE04EC0-301F-11D3-BF4B-00C04F79EFBC}") = "UI", "UI\UI.csproj", "{930FDAFC-B034-4984-965D-31826121D7EC}"
EndProject
Global
	GlobalSection(SolutionConfigurationPlatforms) = preSolution
		Debug|Any CPU = Debug|Any CPU
		Release|Any CPU = Release|Any CPU
	EndGlobalSection
	GlobalSection(ProjectConfigurationPlatforms) = postSolution
		{09100664-44C1-4F1D-9B4C-F9656594F433}.Debug|Any CPU.ActiveCfg = Debug|Any CPU
		{09100664-44C1-4F1D-9B4C-F9656594F433}.Debug|Any CPU.Build.0 = Debug|Any CPU
		{09100664-44C1-4F1D-9B4C-F9656594F433}.Release|Any CPU.ActiveCfg = Release|Any CPU
		{09100664-44C1-4F1D-9B4C-F9656594F433}.Release|Any CPU.Build.0 = Release|Any CPU
		{930FDAFC-B034-4984-965D-31826121D7EC}.Debug|Any CPU.ActiveCfg = Debug|Any CPU
		{930FDAFC-B034-4984-965D-31826121D7EC}.Debug|Any CPU.Build.0 = Debug|Any CPU
		{930FDAFC-B034-4984-965D-31826121D7EC}.Release|Any CPU.ActiveCfg = Release|Any CPU
		{930FDAFC-B034-4984-965D-31826121D7EC}.Release|Any CPU.Build.0 = Release|Any CPU
	EndGlobalSection
	GlobalSection(SolutionProperties) = preSolution
		HideSolutionNode = FALSE
	EndGlobalSection
	GlobalSection(ExtensibilityGlobals) = postSolution
		SolutionGuid = {260ADEA9-CF94-43AC-9E2F-5AE34DD822C8}
	EndGlobalSection
EndGlobal
